
Microsoft Visual Studio Solution File, Format Version 12.00
# Visual Studio Version 17
VisualStudioVersion = 17.7.34202.233
MinimumVisualStudioVersion = 10.0.40219.1
Project("{2150E333-8FDC-42A3-9474-1A3956D46DE8}") = "Backend", "Backend", "{3DC0D89B-CE2E-4208-BF01-1FEBD1BDC836}"
EndProject
Project("{2150E333-8FDC-42A3-9474-1A3956D46DE8}") = "Frontend", "Frontend", "{03AE14D5-7924-4153-9332-278C6E4B8C98}"
EndProject
Project("{2150E333-8FDC-42A3-9474-1A3956D46DE8}") = "Shared", "Shared", "{FD9E5487-9FE4-48B3-BC8D-CD892955EE70}"
EndProject
Project("{2150E333-8FDC-42A3-9474-1A3956D46DE8}") = "Others", "Others", "{4092E51F-7F67-4AD7-99C4-592A0A45CAE9}"
	ProjectSection(SolutionItems) = preProject
		.gitignore = .gitignore
	EndProjectSection
EndProject
Project("{9A19103F-16F7-4668-BE54-9A1E7A4F7556}") = "D2XCP0_HFT_2022232.Client", "D2XCP0_HFT_2022232.Client\D2XCP0_HFT_2022232.Client.csproj", "{DC9EAFD1-50F2-452F-B859-0FFBBAA4C349}"
EndProject
Project("{9A19103F-16F7-4668-BE54-9A1E7A4F7556}") = "D2XCP0_HFT_2022232.Models", "D2XCP0_HFT_2022232.Models\D2XCP0_HFT_2022232.Models.csproj", "{08315462-9D46-47E6-8236-AA52C50156EC}"
EndProject
Project("{9A19103F-16F7-4668-BE54-9A1E7A4F7556}") = "D2XCP0_HFT_2022232.Repository", "D2XCP0_HFT_2022232\D2XCP0_HFT_2022232.Repository.csproj", "{45AA172F-0C1F-4B56-AF00-8E50F1CCA9C4}"
EndProject
Global
	GlobalSection(SolutionConfigurationPlatforms) = preSolution
		Debug|Any CPU = Debug|Any CPU
		Release|Any CPU = Release|Any CPU
	EndGlobalSection
	GlobalSection(ProjectConfigurationPlatforms) = postSolution
		{DC9EAFD1-50F2-452F-B859-0FFBBAA4C349}.Debug|Any CPU.ActiveCfg = Debug|Any CPU
		{DC9EAFD1-50F2-452F-B859-0FFBBAA4C349}.Debug|Any CPU.Build.0 = Debug|Any CPU
		{DC9EAFD1-50F2-452F-B859-0FFBBAA4C349}.Release|Any CPU.ActiveCfg = Release|Any CPU
		{DC9EAFD1-50F2-452F-B859-0FFBBAA4C349}.Release|Any CPU.Build.0 = Release|Any CPU
		{08315462-9D46-47E6-8236-AA52C50156EC}.Debug|Any CPU.ActiveCfg = Debug|Any CPU
		{08315462-9D46-47E6-8236-AA52C50156EC}.Debug|Any CPU.Build.0 = Debug|Any CPU
		{08315462-9D46-47E6-8236-AA52C50156EC}.Release|Any CPU.ActiveCfg = Release|Any CPU
		{08315462-9D46-47E6-8236-AA52C50156EC}.Release|Any CPU.Build.0 = Release|Any CPU
		{45AA172F-0C1F-4B56-AF00-8E50F1CCA9C4}.Debug|Any CPU.ActiveCfg = Debug|Any CPU
		{45AA172F-0C1F-4B56-AF00-8E50F1CCA9C4}.Debug|Any CPU.Build.0 = Debug|Any CPU
		{45AA172F-0C1F-4B56-AF00-8E50F1CCA9C4}.Release|Any CPU.ActiveCfg = Release|Any CPU
		{45AA172F-0C1F-4B56-AF00-8E50F1CCA9C4}.Release|Any CPU.Build.0 = Release|Any CPU
	EndGlobalSection
	GlobalSection(SolutionProperties) = preSolution
		HideSolutionNode = FALSE
	EndGlobalSection
	GlobalSection(NestedProjects) = preSolution
		{DC9EAFD1-50F2-452F-B859-0FFBBAA4C349} = {03AE14D5-7924-4153-9332-278C6E4B8C98}
		{08315462-9D46-47E6-8236-AA52C50156EC} = {FD9E5487-9FE4-48B3-BC8D-CD892955EE70}
		{45AA172F-0C1F-4B56-AF00-8E50F1CCA9C4} = {3DC0D89B-CE2E-4208-BF01-1FEBD1BDC836}
	EndGlobalSection
	GlobalSection(ExtensibilityGlobals) = postSolution
		SolutionGuid = {1052D53D-2092-466C-9E00-EA645F619C5E}
	EndGlobalSection
EndGlobal
