
Microsoft Visual Studio Solution File, Format Version 12.00
# Visual Studio Version 17
VisualStudioVersion = 17.7.34202.233
MinimumVisualStudioVersion = 10.0.40219.1
Project("{FAE04EC0-301F-11D3-BF4B-00C04F79EFBC}") = "D2XCP0_HFT_2022232.Client", "D2XCP0_HFT_2022232.Client\D2XCP0_HFT_2022232.Client.csproj", "{573B6732-1F4B-435E-B3BD-78A17C8F6773}"
EndProject
Project("{FAE04EC0-301F-11D3-BF4B-00C04F79EFBC}") = "D2XCP0_HFT_2022232.Models", "D2XCP0_HFT_2022232.Models\D2XCP0_HFT_2022232.Models.csproj", "{5C5C5F6A-F248-4E34-9E33-2AEC72B7B4A8}"
EndProject
Project("{FAE04EC0-301F-11D3-BF4B-00C04F79EFBC}") = "D2XCP0_HFT_2022232.Logic", "D2XCP0_HFT_2022232.Logic\D2XCP0_HFT_2022232.Logic.csproj", "{B21BAA6F-DE3A-4095-BF1A-0BED85472909}"
EndProject
Project("{FAE04EC0-301F-11D3-BF4B-00C04F79EFBC}") = "D2XCP0_HFT_2022232.Repository", "D2XCP0_HFT_2022232.Repository\D2XCP0_HFT_2022232.Repository.csproj", "{6C86FF52-F080-4207-84A2-C33114F1295E}"
EndProject
Project("{FAE04EC0-301F-11D3-BF4B-00C04F79EFBC}") = "D2XCP0_HFT_2022232.Endpoint", "D2XCP0_HFT_2022232.Endpoint\D2XCP0_HFT_2022232.Endpoint.csproj", "{2B3A17CB-B39B-4C24-9D1A-BCD658757C38}"
EndProject
Project("{FAE04EC0-301F-11D3-BF4B-00C04F79EFBC}") = "D2XCP0_HFT_2022232.Test", "D2XCP0_HFT_2022232.Test\D2XCP0_HFT_2022232.Test.csproj", "{9A83AC7B-8BD7-4405-B4AC-55BEDA563DC7}"
EndProject
Project("{2150E333-8FDC-42A3-9474-1A3956D46DE8}") = "Backend", "Backend", "{3DC0D89B-CE2E-4208-BF01-1FEBD1BDC836}"
EndProject
Project("{2150E333-8FDC-42A3-9474-1A3956D46DE8}") = "Frontend", "Frontend", "{03AE14D5-7924-4153-9332-278C6E4B8C98}"
EndProject
Project("{2150E333-8FDC-42A3-9474-1A3956D46DE8}") = "Shared", "Shared", "{FD9E5487-9FE4-48B3-BC8D-CD892955EE70}"
EndProject
Global
	GlobalSection(SolutionConfigurationPlatforms) = preSolution
		Debug|Any CPU = Debug|Any CPU
		Release|Any CPU = Release|Any CPU
	EndGlobalSection
	GlobalSection(ProjectConfigurationPlatforms) = postSolution
		{573B6732-1F4B-435E-B3BD-78A17C8F6773}.Debug|Any CPU.ActiveCfg = Debug|Any CPU
		{573B6732-1F4B-435E-B3BD-78A17C8F6773}.Debug|Any CPU.Build.0 = Debug|Any CPU
		{573B6732-1F4B-435E-B3BD-78A17C8F6773}.Release|Any CPU.ActiveCfg = Release|Any CPU
		{573B6732-1F4B-435E-B3BD-78A17C8F6773}.Release|Any CPU.Build.0 = Release|Any CPU
		{5C5C5F6A-F248-4E34-9E33-2AEC72B7B4A8}.Debug|Any CPU.ActiveCfg = Debug|Any CPU
		{5C5C5F6A-F248-4E34-9E33-2AEC72B7B4A8}.Debug|Any CPU.Build.0 = Debug|Any CPU
		{5C5C5F6A-F248-4E34-9E33-2AEC72B7B4A8}.Release|Any CPU.ActiveCfg = Release|Any CPU
		{5C5C5F6A-F248-4E34-9E33-2AEC72B7B4A8}.Release|Any CPU.Build.0 = Release|Any CPU
		{B21BAA6F-DE3A-4095-BF1A-0BED85472909}.Debug|Any CPU.ActiveCfg = Debug|Any CPU
		{B21BAA6F-DE3A-4095-BF1A-0BED85472909}.Debug|Any CPU.Build.0 = Debug|Any CPU
		{B21BAA6F-DE3A-4095-BF1A-0BED85472909}.Release|Any CPU.ActiveCfg = Release|Any CPU
		{B21BAA6F-DE3A-4095-BF1A-0BED85472909}.Release|Any CPU.Build.0 = Release|Any CPU
		{6C86FF52-F080-4207-84A2-C33114F1295E}.Debug|Any CPU.ActiveCfg = Debug|Any CPU
		{6C86FF52-F080-4207-84A2-C33114F1295E}.Debug|Any CPU.Build.0 = Debug|Any CPU
		{6C86FF52-F080-4207-84A2-C33114F1295E}.Release|Any CPU.ActiveCfg = Release|Any CPU
		{6C86FF52-F080-4207-84A2-C33114F1295E}.Release|Any CPU.Build.0 = Release|Any CPU
		{2B3A17CB-B39B-4C24-9D1A-BCD658757C38}.Debug|Any CPU.ActiveCfg = Debug|Any CPU
		{2B3A17CB-B39B-4C24-9D1A-BCD658757C38}.Debug|Any CPU.Build.0 = Debug|Any CPU
		{2B3A17CB-B39B-4C24-9D1A-BCD658757C38}.Release|Any CPU.ActiveCfg = Release|Any CPU
		{2B3A17CB-B39B-4C24-9D1A-BCD658757C38}.Release|Any CPU.Build.0 = Release|Any CPU
		{9A83AC7B-8BD7-4405-B4AC-55BEDA563DC7}.Debug|Any CPU.ActiveCfg = Debug|Any CPU
		{9A83AC7B-8BD7-4405-B4AC-55BEDA563DC7}.Debug|Any CPU.Build.0 = Debug|Any CPU
		{9A83AC7B-8BD7-4405-B4AC-55BEDA563DC7}.Release|Any CPU.ActiveCfg = Release|Any CPU
		{9A83AC7B-8BD7-4405-B4AC-55BEDA563DC7}.Release|Any CPU.Build.0 = Release|Any CPU
	EndGlobalSection
	GlobalSection(SolutionProperties) = preSolution
		HideSolutionNode = FALSE
	EndGlobalSection
	GlobalSection(NestedProjects) = preSolution
		{573B6732-1F4B-435E-B3BD-78A17C8F6773} = {03AE14D5-7924-4153-9332-278C6E4B8C98}
		{5C5C5F6A-F248-4E34-9E33-2AEC72B7B4A8} = {FD9E5487-9FE4-48B3-BC8D-CD892955EE70}
		{B21BAA6F-DE3A-4095-BF1A-0BED85472909} = {3DC0D89B-CE2E-4208-BF01-1FEBD1BDC836}
		{6C86FF52-F080-4207-84A2-C33114F1295E} = {3DC0D89B-CE2E-4208-BF01-1FEBD1BDC836}
		{2B3A17CB-B39B-4C24-9D1A-BCD658757C38} = {3DC0D89B-CE2E-4208-BF01-1FEBD1BDC836}
		{9A83AC7B-8BD7-4405-B4AC-55BEDA563DC7} = {3DC0D89B-CE2E-4208-BF01-1FEBD1BDC836}
	EndGlobalSection
	GlobalSection(ExtensibilityGlobals) = postSolution
		SolutionGuid = {1052D53D-2092-466C-9E00-EA645F619C5E}
	EndGlobalSection
EndGlobal
